
Microsoft Visual Studio Solution File, Format Version 12.00
# Visual Studio Version 16
VisualStudioVersion = 16.0.31410.357
MinimumVisualStudioVersion = 10.0.40219.1
Project("{9A19103F-16F7-4668-BE54-9A1E7A4F7556}") = "ShopDemo.Controllers.API", "UniversityApp.Controllers.API\ShopDemo.Controllers.API.csproj", "{241B2909-B0C0-4755-8F3D-84EB0E502E4A}"
EndProject
Project("{9A19103F-16F7-4668-BE54-9A1E7A4F7556}") = "ShopDemo.Customer", "UniversityApp.Application\ShopDemo.Customer.csproj", "{77D82FE0-E414-47AF-B6DB-961604CB98D2}"
EndProject
Project("{FAE04EC0-301F-11D3-BF4B-00C04F79EFBC}") = "ShopDemo.Product", "UniversityApp.Order\ShopDemo.Product.csproj", "{762174CA-0263-4313-964B-3605BE3A7543}"
EndProject
Project("{FAE04EC0-301F-11D3-BF4B-00C04F79EFBC}") = "ShopDemo.DataAccess", "ShopDemo.DataAccess\ShopDemo.DataAccess.csproj", "{7A648318-8BD6-421B-935B-603E8804B3B8}"
EndProject
Global
	GlobalSection(SolutionConfigurationPlatforms) = preSolution
		Debug|Any CPU = Debug|Any CPU
		Release|Any CPU = Release|Any CPU
	EndGlobalSection
	GlobalSection(ProjectConfigurationPlatforms) = postSolution
		{241B2909-B0C0-4755-8F3D-84EB0E502E4A}.Debug|Any CPU.ActiveCfg = Debug|Any CPU
		{241B2909-B0C0-4755-8F3D-84EB0E502E4A}.Debug|Any CPU.Build.0 = Debug|Any CPU
		{241B2909-B0C0-4755-8F3D-84EB0E502E4A}.Release|Any CPU.ActiveCfg = Release|Any CPU
		{241B2909-B0C0-4755-8F3D-84EB0E502E4A}.Release|Any CPU.Build.0 = Release|Any CPU
		{77D82FE0-E414-47AF-B6DB-961604CB98D2}.Debug|Any CPU.ActiveCfg = Debug|Any CPU
		{77D82FE0-E414-47AF-B6DB-961604CB98D2}.Debug|Any CPU.Build.0 = Debug|Any CPU
		{77D82FE0-E414-47AF-B6DB-961604CB98D2}.Release|Any CPU.ActiveCfg = Release|Any CPU
		{77D82FE0-E414-47AF-B6DB-961604CB98D2}.Release|Any CPU.Build.0 = Release|Any CPU
		{762174CA-0263-4313-964B-3605BE3A7543}.Debug|Any CPU.ActiveCfg = Debug|Any CPU
		{762174CA-0263-4313-964B-3605BE3A7543}.Debug|Any CPU.Build.0 = Debug|Any CPU
		{762174CA-0263-4313-964B-3605BE3A7543}.Release|Any CPU.ActiveCfg = Release|Any CPU
		{762174CA-0263-4313-964B-3605BE3A7543}.Release|Any CPU.Build.0 = Release|Any CPU
		{7A648318-8BD6-421B-935B-603E8804B3B8}.Debug|Any CPU.ActiveCfg = Debug|Any CPU
		{7A648318-8BD6-421B-935B-603E8804B3B8}.Debug|Any CPU.Build.0 = Debug|Any CPU
		{7A648318-8BD6-421B-935B-603E8804B3B8}.Release|Any CPU.ActiveCfg = Release|Any CPU
		{7A648318-8BD6-421B-935B-603E8804B3B8}.Release|Any CPU.Build.0 = Release|Any CPU
	EndGlobalSection
	GlobalSection(SolutionProperties) = preSolution
		HideSolutionNode = FALSE
	EndGlobalSection
	GlobalSection(ExtensibilityGlobals) = postSolution
		SolutionGuid = {219C44A4-EEC2-4992-8C7E-7491B70178D4}
	EndGlobalSection
EndGlobal
